
Microsoft Visual Studio Solution File, Format Version 12.00
# Visual Studio Version 17
VisualStudioVersion = 17.12.35728.132 d17.12
MinimumVisualStudioVersion = 10.0.40219.1
Project("{FAE04EC0-301F-11D3-BF4B-00C04F79EFBC}") = "EnglishNow.Web", "EnglishNow.Web\EnglishNow.Web.csproj", "{145B98E6-C81C-45FD-98FF-FDDE2D01A112}"
EndProject
Global
	GlobalSection(SolutionConfigurationPlatforms) = preSolution
		Debug|Any CPU = Debug|Any CPU
		Release|Any CPU = Release|Any CPU
	EndGlobalSection
	GlobalSection(ProjectConfigurationPlatforms) = postSolution
		{145B98E6-C81C-45FD-98FF-FDDE2D01A112}.Debug|Any CPU.ActiveCfg = Debug|Any CPU
		{145B98E6-C81C-45FD-98FF-FDDE2D01A112}.Debug|Any CPU.Build.0 = Debug|Any CPU
		{145B98E6-C81C-45FD-98FF-FDDE2D01A112}.Release|Any CPU.ActiveCfg = Release|Any CPU
		{145B98E6-C81C-45FD-98FF-FDDE2D01A112}.Release|Any CPU.Build.0 = Release|Any CPU
	EndGlobalSection
	GlobalSection(SolutionProperties) = preSolution
		HideSolutionNode = FALSE
	EndGlobalSection
EndGlobal
