
Microsoft Visual Studio Solution File, Format Version 12.00
# Visual Studio Version 17
VisualStudioVersion = 17.12.35728.132
MinimumVisualStudioVersion = 10.0.40219.1
Project("{FAE04EC0-301F-11D3-BF4B-00C04F79EFBC}") = "EnglishNow.Web", "EnglishNow.Web\EnglishNow.Web.csproj", "{145B98E6-C81C-45FD-98FF-FDDE2D01A112}"
EndProject
Project("{2150E333-8FDC-42A3-9474-1A3956D46DE8}") = "DbScripts", "DbScripts", "{B31C60A5-A691-40C4-A986-B823A1BC094B}"
	ProjectSection(SolutionItems) = preProject
		create_database.sql = create_database.sql
	EndProjectSection
EndProject
Project("{FAE04EC0-301F-11D3-BF4B-00C04F79EFBC}") = "EnglishNow.Services", "EnglishNow.Services\EnglishNow.Services.csproj", "{6A62A90C-5BE9-45C0-8601-DA185E7D0D5E}"
EndProject
Project("{FAE04EC0-301F-11D3-BF4B-00C04F79EFBC}") = "EnglishNow.Repositories", "EnglishNow.Repositories\EnglishNow.Repositories.csproj", "{70774BA3-EC73-427C-A0B9-28748DA7D089}"
EndProject
Global
	GlobalSection(SolutionConfigurationPlatforms) = preSolution
		Debug|Any CPU = Debug|Any CPU
		Release|Any CPU = Release|Any CPU
	EndGlobalSection
	GlobalSection(ProjectConfigurationPlatforms) = postSolution
		{145B98E6-C81C-45FD-98FF-FDDE2D01A112}.Debug|Any CPU.ActiveCfg = Debug|Any CPU
		{145B98E6-C81C-45FD-98FF-FDDE2D01A112}.Debug|Any CPU.Build.0 = Debug|Any CPU
		{145B98E6-C81C-45FD-98FF-FDDE2D01A112}.Release|Any CPU.ActiveCfg = Release|Any CPU
		{145B98E6-C81C-45FD-98FF-FDDE2D01A112}.Release|Any CPU.Build.0 = Release|Any CPU
		{6A62A90C-5BE9-45C0-8601-DA185E7D0D5E}.Debug|Any CPU.ActiveCfg = Debug|Any CPU
		{6A62A90C-5BE9-45C0-8601-DA185E7D0D5E}.Debug|Any CPU.Build.0 = Debug|Any CPU
		{6A62A90C-5BE9-45C0-8601-DA185E7D0D5E}.Release|Any CPU.ActiveCfg = Release|Any CPU
		{6A62A90C-5BE9-45C0-8601-DA185E7D0D5E}.Release|Any CPU.Build.0 = Release|Any CPU
		{70774BA3-EC73-427C-A0B9-28748DA7D089}.Debug|Any CPU.ActiveCfg = Debug|Any CPU
		{70774BA3-EC73-427C-A0B9-28748DA7D089}.Debug|Any CPU.Build.0 = Debug|Any CPU
		{70774BA3-EC73-427C-A0B9-28748DA7D089}.Release|Any CPU.ActiveCfg = Release|Any CPU
		{70774BA3-EC73-427C-A0B9-28748DA7D089}.Release|Any CPU.Build.0 = Release|Any CPU
	EndGlobalSection
	GlobalSection(SolutionProperties) = preSolution
		HideSolutionNode = FALSE
	EndGlobalSection
EndGlobal
